Microsoft Visual Studio Solution File, Format Version 12.00
# Visual Studio Version 17
VisualStudioVersion = 17.5.2.0
MinimumVisualStudioVersion = 10.0.40219.1
Project("{FAE04EC0-301F-11D3-BF4B-00C04F79EFBC}") = "WinFormsApp-MCP", "WinFormsApp-MCP.csproj", "{337F05F0-F9B6-DF7D-96EA-7F467C85E399}"
EndProject
Global
	GlobalSection(SolutionConfigurationPlatforms) = preSolution
		Debug|Any CPU = Debug|Any CPU
		Release|Any CPU = Release|Any CPU
	EndGlobalSection
	GlobalSection(ProjectConfigurationPlatforms) = postSolution
		{337F05F0-F9B6-DF7D-96EA-7F467C85E399}.Debug|Any CPU.ActiveCfg = Debug|Any CPU
		{337F05F0-F9B6-DF7D-96EA-7F467C85E399}.Debug|Any CPU.Build.0 = Debug|Any CPU
		{337F05F0-F9B6-DF7D-96EA-7F467C85E399}.Release|Any CPU.ActiveCfg = Release|Any CPU
		{337F05F0-F9B6-DF7D-96EA-7F467C85E399}.Release|Any CPU.Build.0 = Release|Any CPU
	EndGlobalSection
	GlobalSection(SolutionProperties) = preSolution
		HideSolutionNode = FALSE
	EndGlobalSection
	GlobalSection(ExtensibilityGlobals) = postSolution
		SolutionGuid = {33985C51-CBCF-472B-8797-3CBB81E642C3}
	EndGlobalSection
EndGlobal
